
Microsoft Visual Studio Solution File, Format Version 12.00
# Visual Studio Version 17
VisualStudioVersion = 17.8.34408.163
MinimumVisualStudioVersion = 10.0.40219.1
Project("{FAE04EC0-301F-11D3-BF4B-00C04F79EFBC}") = "BookMonitoringSystem", "BookMonitoringSystem\BookMonitoringSystem.csproj", "{325B94E6-200F-4C4D-9B20-2654DA080EBA}"
EndProject
Global
	GlobalSection(SolutionConfigurationPlatforms) = preSolution
		Debug|Any CPU = Debug|Any CPU
		Release|Any CPU = Release|Any CPU
	EndGlobalSection
	GlobalSection(ProjectConfigurationPlatforms) = postSolution
		{325B94E6-200F-4C4D-9B20-2654DA080EBA}.Debug|Any CPU.ActiveCfg = Debug|Any CPU
		{325B94E6-200F-4C4D-9B20-2654DA080EBA}.Debug|Any CPU.Build.0 = Debug|Any CPU
		{325B94E6-200F-4C4D-9B20-2654DA080EBA}.Release|Any CPU.ActiveCfg = Release|Any CPU
		{325B94E6-200F-4C4D-9B20-2654DA080EBA}.Release|Any CPU.Build.0 = Release|Any CPU
	EndGlobalSection
	GlobalSection(SolutionProperties) = preSolution
		HideSolutionNode = FALSE
	EndGlobalSection
	GlobalSection(ExtensibilityGlobals) = postSolution
		SolutionGuid = {5A2B7161-3988-4F8C-9160-1A3E0421B02B}
	EndGlobalSection
EndGlobal
